// !$*UTF8*$!
{
	archiveVersion = 1;
	classes = {
	};
	objectVersion = 50;
	objects = {

/* Begin PBXBuildFile section */
		47F1796F22E6BC7700B3CF00 /* AppDelegate.swift in Sources */ = {isa = PBXBuildFile; fileRef = 47F1796E22E6BC7700B3CF00 /* AppDelegate.swift */; };
		47F1797122E6BC7700B3CF00 /* ViewController.swift in Sources */ = {isa = PBXBuildFile; fileRef = 47F1797022E6BC7700B3CF00 /* ViewController.swift */; };
		47F1797422E6BC7700B3CF00 /* Main.storyboard in Resources */ = {isa = PBXBuildFile; fileRef = 47F1797222E6BC7700B3CF00 /* Main.storyboard */; };
		47F1797622E6BC7900B3CF00 /* Assets.xcassets in Resources */ = {isa = PBXBuildFile; fileRef = 47F1797522E6BC7900B3CF00 /* Assets.xcassets */; };
		47F1797922E6BC7900B3CF00 /* LaunchScreen.storyboard in Resources */ = {isa = PBXBuildFile; fileRef = 47F1797722E6BC7900B3CF00 /* LaunchScreen.storyboard */; };
		6E0C92BB22E70808008C4EAF /* Shared.h in Headers */ = {isa = PBXBuildFile; fileRef = 6E0C92B922E70808008C4EAF /* Shared.h */; settings = {ATTRIBUTES = (Public, ); }; };
		6E0C92BE22E70808008C4EAF /* Shared.framework in Frameworks */ = {isa = PBXBuildFile; fileRef = 6E0C92B722E70807008C4EAF /* Shared.framework */; };
		6E0C92BF22E70808008C4EAF /* Shared.framework in Embed Frameworks */ = {isa = PBXBuildFile; fileRef = 6E0C92B722E70807008C4EAF /* Shared.framework */; settings = {ATTRIBUTES = (CodeSignOnCopy, RemoveHeadersOnCopy, ); }; };
		6E0C92C422E7375C008C4EAF /* NSErrorExtensions.swift in Sources */ = {isa = PBXBuildFile; fileRef = 6E0C92C322E7375C008C4EAF /* NSErrorExtensions.swift */; };
		6E39BA5822E9A51700C7A7E8 /* Storage.swift in Sources */ = {isa = PBXBuildFile; fileRef = 6E39BA5722E9A51700C7A7E8 /* Storage.swift */; };
		6E39BA5A22E9A55400C7A7E8 /* Downloader.swift in Sources */ = {isa = PBXBuildFile; fileRef = 6E39BA5922E9A55400C7A7E8 /* Downloader.swift */; };
		AEAEA8D9FD656142CE8090D7 /* Pods_Shared.framework in Frameworks */ = {isa = PBXBuildFile; fileRef = 7085ACF76758489924219A13 /* Pods_Shared.framework */; };
/* End PBXBuildFile section */

/* Begin PBXContainerItemProxy section */
		6E0C92BC22E70808008C4EAF /* PBXContainerItemProxy */ = {
			isa = PBXContainerItemProxy;
			containerPortal = 47F1796322E6BC7700B3CF00 /* Project object */;
			proxyType = 1;
			remoteGlobalIDString = 6E0C92B622E70807008C4EAF;
			remoteInfo = Shared;
		};
/* End PBXContainerItemProxy section */

/* Begin PBXCopyFilesBuildPhase section */
		47F1799322E6BCE100B3CF00 /* Embed Frameworks */ = {
			isa = PBXCopyFilesBuildPhase;
			buildActionMask = 2147483647;
			dstPath = "";
			dstSubfolderSpec = 10;
			files = (
				6E0C92BF22E70808008C4EAF /* Shared.framework in Embed Frameworks */,
			);
			name = "Embed Frameworks";
			runOnlyForDeploymentPostprocessing = 0;
		};
/* End PBXCopyFilesBuildPhase section */

/* Begin PBXFileReference section */
		0961ACEF234001860E52DC2F /* Pods-Shared.debug.xcconfig */ = {isa = PBXFileReference; includeInIndex = 1; lastKnownFileType = text.xcconfig; name = "Pods-Shared.debug.xcconfig"; path = "Target Support Files/Pods-Shared/Pods-Shared.debug.xcconfig"; sourceTree = "<group>"; };
		296058730AEB4E3139103ECC /* Pods-Shared.release.xcconfig */ = {isa = PBXFileReference; includeInIndex = 1; lastKnownFileType = text.xcconfig; name = "Pods-Shared.release.xcconfig"; path = "Target Support Files/Pods-Shared/Pods-Shared.release.xcconfig"; sourceTree = "<group>"; };
		47F1796B22E6BC7700B3CF00 /* ManagedSideEffects.app */ = {isa = PBXFileReference; explicitFileType = wrapper.application; includeInIndex = 0; path = ManagedSideEffects.app; sourceTree = BUILT_PRODUCTS_DIR; };
		47F1796E22E6BC7700B3CF00 /* AppDelegate.swift */ = {isa = PBXFileReference; lastKnownFileType = sourcecode.swift; path = AppDelegate.swift; sourceTree = "<group>"; };
		47F1797022E6BC7700B3CF00 /* ViewController.swift */ = {isa = PBXFileReference; lastKnownFileType = sourcecode.swift; path = ViewController.swift; sourceTree = "<group>"; };
		47F1797322E6BC7700B3CF00 /* Base */ = {isa = PBXFileReference; lastKnownFileType = file.storyboard; name = Base; path = Base.lproj/Main.storyboard; sourceTree = "<group>"; };
		47F1797522E6BC7900B3CF00 /* Assets.xcassets */ = {isa = PBXFileReference; lastKnownFileType = folder.assetcatalog; path = Assets.xcassets; sourceTree = "<group>"; };
		47F1797822E6BC7900B3CF00 /* Base */ = {isa = PBXFileReference; lastKnownFileType = file.storyboard; name = Base; path = Base.lproj/LaunchScreen.storyboard; sourceTree = "<group>"; };
		47F1797A22E6BC7900B3CF00 /* Info.plist */ = {isa = PBXFileReference; lastKnownFileType = text.plist.xml; path = Info.plist; sourceTree = "<group>"; };
		47F1798122E6BCA300B3CF00 /* MixedLogicAndEffects.playground */ = {isa = PBXFileReference; lastKnownFileType = file.playground; path = MixedLogicAndEffects.playground; sourceTree = "<group>"; xcLanguageSpecificationIdentifier = xcode.lang.swift; };
		5C8813AF37891BBFCE2BFDA5 /* Pods_ManagedSideEffects.framework */ = {isa = PBXFileReference; explicitFileType = wrapper.framework; includeInIndex = 0; path = Pods_ManagedSideEffects.framework; sourceTree = BUILT_PRODUCTS_DIR; };
		6E0C92B722E70807008C4EAF /* Shared.framework */ = {isa = PBXFileReference; explicitFileType = wrapper.framework; includeInIndex = 0; path = Shared.framework; sourceTree = BUILT_PRODUCTS_DIR; };
		6E0C92B922E70808008C4EAF /* Shared.h */ = {isa = PBXFileReference; lastKnownFileType = sourcecode.c.h; path = Shared.h; sourceTree = "<group>"; };
		6E0C92BA22E70808008C4EAF /* Info.plist */ = {isa = PBXFileReference; lastKnownFileType = text.plist.xml; path = Info.plist; sourceTree = "<group>"; };
		6E0C92C322E7375C008C4EAF /* NSErrorExtensions.swift */ = {isa = PBXFileReference; lastKnownFileType = sourcecode.swift; path = NSErrorExtensions.swift; sourceTree = "<group>"; };
		6E39BA5622E8B60500C7A7E8 /* SeparateLogicAndEffects.playground */ = {isa = PBXFileReference; lastKnownFileType = file.playground; path = SeparateLogicAndEffects.playground; sourceTree = "<group>"; xcLanguageSpecificationIdentifier = xcode.lang.swift; };
		6E39BA5722E9A51700C7A7E8 /* Storage.swift */ = {isa = PBXFileReference; lastKnownFileType = sourcecode.swift; path = Storage.swift; sourceTree = "<group>"; };
		6E39BA5922E9A55400C7A7E8 /* Downloader.swift */ = {isa = PBXFileReference; lastKnownFileType = sourcecode.swift; path = Downloader.swift; sourceTree = "<group>"; };
		7085ACF76758489924219A13 /* Pods_Shared.framework */ = {isa = PBXFileReference; explicitFileType = wrapper.framework; includeInIndex = 0; path = Pods_Shared.framework; sourceTree = BUILT_PRODUCTS_DIR; };
/* End PBXFileReference section */

/* Begin PBXFrameworksBuildPhase section */
		47F1796822E6BC7700B3CF00 /* Frameworks */ = {
			isa = PBXFrameworksBuildPhase;
			buildActionMask = 2147483647;
			files = (
				6E0C92BE22E70808008C4EAF /* Shared.framework in Frameworks */,
			);
			runOnlyForDeploymentPostprocessing = 0;
		};
		6E0C92B422E70807008C4EAF /* Frameworks */ = {
			isa = PBXFrameworksBuildPhase;
			buildActionMask = 2147483647;
			files = (
				AEAEA8D9FD656142CE8090D7 /* Pods_Shared.framework in Frameworks */,
			);
			runOnlyForDeploymentPostprocessing = 0;
		};
/* End PBXFrameworksBuildPhase section */

/* Begin PBXGroup section */
		47F1796222E6BC7700B3CF00 = {
			isa = PBXGroup;
			children = (
				6E39BA5622E8B60500C7A7E8 /* SeparateLogicAndEffects.playground */,
				47F1798122E6BCA300B3CF00 /* MixedLogicAndEffects.playground */,
				47F1796D22E6BC7700B3CF00 /* ManagedSideEffects */,
				6E0C92B822E70808008C4EAF /* Shared */,
				47F1796C22E6BC7700B3CF00 /* Products */,
				F0993D517BC5D26DDF773589 /* Pods */,
				B552DD3D7F88DABDFA172558 /* Frameworks */,
			);
			sourceTree = "<group>";
		};
		47F1796C22E6BC7700B3CF00 /* Products */ = {
			isa = PBXGroup;
			children = (
				47F1796B22E6BC7700B3CF00 /* ManagedSideEffects.app */,
				6E0C92B722E70807008C4EAF /* Shared.framework */,
			);
			name = Products;
			sourceTree = "<group>";
		};
		47F1796D22E6BC7700B3CF00 /* ManagedSideEffects */ = {
			isa = PBXGroup;
			children = (
				47F1796E22E6BC7700B3CF00 /* AppDelegate.swift */,
				47F1797022E6BC7700B3CF00 /* ViewController.swift */,
				47F1797222E6BC7700B3CF00 /* Main.storyboard */,
				47F1797522E6BC7900B3CF00 /* Assets.xcassets */,
				47F1797722E6BC7900B3CF00 /* LaunchScreen.storyboard */,
				47F1797A22E6BC7900B3CF00 /* Info.plist */,
			);
			path = ManagedSideEffects;
			sourceTree = "<group>";
		};
		6E0C92B822E70808008C4EAF /* Shared */ = {
			isa = PBXGroup;
			children = (
				6E0C92B922E70808008C4EAF /* Shared.h */,
				6E0C92BA22E70808008C4EAF /* Info.plist */,
				6E0C92C322E7375C008C4EAF /* NSErrorExtensions.swift */,
				6E39BA5722E9A51700C7A7E8 /* Storage.swift */,
				6E39BA5922E9A55400C7A7E8 /* Downloader.swift */,
			);
			path = Shared;
			sourceTree = "<group>";
		};
		B552DD3D7F88DABDFA172558 /* Frameworks */ = {
			isa = PBXGroup;
			children = (
				5C8813AF37891BBFCE2BFDA5 /* Pods_ManagedSideEffects.framework */,
				7085ACF76758489924219A13 /* Pods_Shared.framework */,
			);
			name = Frameworks;
			sourceTree = "<group>";
		};
		F0993D517BC5D26DDF773589 /* Pods */ = {
			isa = PBXGroup;
			children = (
				0961ACEF234001860E52DC2F /* Pods-Shared.debug.xcconfig */,
				296058730AEB4E3139103ECC /* Pods-Shared.release.xcconfig */,
			);
			path = Pods;
			sourceTree = "<group>";
		};
/* End PBXGroup section */

/* Begin PBXHeadersBuildPhase section */
		6E0C92B222E70807008C4EAF /* Headers */ = {
			isa = PBXHeadersBuildPhase;
			buildActionMask = 2147483647;
			files = (
				6E0C92BB22E70808008C4EAF /* Shared.h in Headers */,
			);
			runOnlyForDeploymentPostprocessing = 0;
		};
/* End PBXHeadersBuildPhase section */

/* Begin PBXNativeTarget section */
		47F1796A22E6BC7700B3CF00 /* ManagedSideEffects */ = {
			isa = PBXNativeTarget;
			buildConfigurationList = 47F1797D22E6BC7900B3CF00 /* Build configuration list for PBXNativeTarget "ManagedSideEffects" */;
			buildPhases = (
				47F1796722E6BC7700B3CF00 /* Sources */,
				47F1796822E6BC7700B3CF00 /* Frameworks */,
				47F1796922E6BC7700B3CF00 /* Resources */,
				47F1799322E6BCE100B3CF00 /* Embed Frameworks */,
			);
			buildRules = (
			);
			dependencies = (
				6E0C92BD22E70808008C4EAF /* PBXTargetDependency */,
			);
			name = ManagedSideEffects;
			productName = ManagedSideEffects;
			productReference = 47F1796B22E6BC7700B3CF00 /* ManagedSideEffects.app */;
			productType = "com.apple.product-type.application";
		};
		6E0C92B622E70807008C4EAF /* Shared */ = {
			isa = PBXNativeTarget;
			buildConfigurationList = 6E0C92C222E70808008C4EAF /* Build configuration list for PBXNativeTarget "Shared" */;
			buildPhases = (
				E9378B09F690B857737EFE6C /* [CP] Check Pods Manifest.lock */,
				6E0C92B222E70807008C4EAF /* Headers */,
				6E0C92B322E70807008C4EAF /* Sources */,
				6E0C92B422E70807008C4EAF /* Frameworks */,
				6E0C92B522E70807008C4EAF /* Resources */,
			);
			buildRules = (
			);
			dependencies = (
			);
			name = Shared;
			productName = Shared;
			productReference = 6E0C92B722E70807008C4EAF /* Shared.framework */;
			productType = "com.apple.product-type.framework";
		};
/* End PBXNativeTarget section */

/* Begin PBXProject section */
		47F1796322E6BC7700B3CF00 /* Project object */ = {
			isa = PBXProject;
			attributes = {
				LastSwiftUpdateCheck = 1020;
				LastUpgradeCheck = 1020;
				ORGANIZATIONNAME = "Vitalii Malakhovskyi";
				TargetAttributes = {
					47F1796A22E6BC7700B3CF00 = {
						CreatedOnToolsVersion = 10.2.1;
					};
					6E0C92B622E70807008C4EAF = {
						CreatedOnToolsVersion = 10.3;
						LastSwiftMigration = 1030;
					};
				};
			};
			buildConfigurationList = 47F1796622E6BC7700B3CF00 /* Build configuration list for PBXProject "ManagedSideEffects" */;
			compatibilityVersion = "Xcode 9.3";
			developmentRegion = en;
			hasScannedForEncodings = 0;
			knownRegions = (
				en,
				Base,
			);
			mainGroup = 47F1796222E6BC7700B3CF00;
			productRefGroup = 47F1796C22E6BC7700B3CF00 /* Products */;
			projectDirPath = "";
			projectRoot = "";
			targets = (
				47F1796A22E6BC7700B3CF00 /* ManagedSideEffects */,
				6E0C92B622E70807008C4EAF /* Shared */,
			);
		};
/* End PBXProject section */

/* Begin PBXResourcesBuildPhase section */
		47F1796922E6BC7700B3CF00 /* Resources */ = {
			isa = PBXResourcesBuildPhase;
			buildActionMask = 2147483647;
			files = (
				47F1797922E6BC7900B3CF00 /* LaunchScreen.storyboard in Resources */,
				47F1797622E6BC7900B3CF00 /* Assets.xcassets in Resources */,
				47F1797422E6BC7700B3CF00 /* Main.storyboard in Resources */,
			);
			runOnlyForDeploymentPostprocessing = 0;
		};
		6E0C92B522E70807008C4EAF /* Resources */ = {
			isa = PBXResourcesBuildPhase;
			buildActionMask = 2147483647;
			files = (
			);
			runOnlyForDeploymentPostprocessing = 0;
		};
/* End PBXResourcesBuildPhase section */

/* Begin PBXShellScriptBuildPhase section */
		E9378B09F690B857737EFE6C /* [CP] Check Pods Manifest.lock */ = {
			isa = PBXShellScriptBuildPhase;
			buildActionMask = 2147483647;
			files = (
			);
			inputFileListPaths = (
			);
			inputPaths = (
				"${PODS_PODFILE_DIR_PATH}/Podfile.lock",
				"${PODS_ROOT}/Manifest.lock",
			);
			name = "[CP] Check Pods Manifest.lock";
			outputFileListPaths = (
			);
			outputPaths = (
				"$(DERIVED_FILE_DIR)/Pods-Shared-checkManifestLockResult.txt",
			);
			runOnlyForDeploymentPostprocessing = 0;
			shellPath = /bin/sh;
			shellScript = "diff \"${PODS_PODFILE_DIR_PATH}/Podfile.lock\" \"${PODS_ROOT}/Manifest.lock\" > /dev/null\nif [ $? != 0 ] ; then\n    # print error to STDERR\n    echo \"error: The sandbox is not in sync with the Podfile.lock. Run 'pod install' or update your CocoaPods installation.\" >&2\n    exit 1\nfi\n# This output is used by Xcode 'outputs' to avoid re-running this script phase.\necho \"SUCCESS\" > \"${SCRIPT_OUTPUT_FILE_0}\"\n";
			showEnvVarsInLog = 0;
		};
/* End PBXShellScriptBuildPhase section */

/* Begin PBXSourcesBuildPhase section */
		47F1796722E6BC7700B3CF00 /* Sources */ = {
			isa = PBXSourcesBuildPhase;
			buildActionMask = 2147483647;
			files = (
				47F1797122E6BC7700B3CF00 /* ViewController.swift in Sources */,
				47F1796F22E6BC7700B3CF00 /* AppDelegate.swift in Sources */,
			);
			runOnlyForDeploymentPostprocessing = 0;
		};
		6E0C92B322E70807008C4EAF /* Sources */ = {
			isa = PBXSourcesBuildPhase;
			buildActionMask = 2147483647;
			files = (
				6E0C92C422E7375C008C4EAF /* NSErrorExtensions.swift in Sources */,
				6E39BA5822E9A51700C7A7E8 /* Storage.swift in Sources */,
				6E39BA5A22E9A55400C7A7E8 /* Downloader.swift in Sources */,
			);
			runOnlyForDeploymentPostprocessing = 0;
		};
/* End PBXSourcesBuildPhase section */

/* Begin PBXTargetDependency section */
		6E0C92BD22E70808008C4EAF /* PBXTargetDependency */ = {
			isa = PBXTargetDependency;
			target = 6E0C92B622E70807008C4EAF /* Shared */;
			targetProxy = 6E0C92BC22E70808008C4EAF /* PBXContainerItemProxy */;
		};
/* End PBXTargetDependency section */

/* Begin PBXVariantGroup section */
		47F1797222E6BC7700B3CF00 /* Main.storyboard */ = {
			isa = PBXVariantGroup;
			children = (
				47F1797322E6BC7700B3CF00 /* Base */,
			);
			name = Main.storyboard;
			sourceTree = "<group>";
		};
		47F1797722E6BC7900B3CF00 /* LaunchScreen.storyboard */ = {
			isa = PBXVariantGroup;
			children = (
				47F1797822E6BC7900B3CF00 /* Base */,
			);
			name = LaunchScreen.storyboard;
			sourceTree = "<group>";
		};
/* End PBXVariantGroup section */

/* Begin XCBuildConfiguration section */
		47F1797B22E6BC7900B3CF00 /* Debug */ = {
			isa = XCBuildConfiguration;
			buildSettings = {
				ALWAYS_SEARCH_USER_PATHS = NO;
				CLANG_ANALYZER_NONNULL = YES;
				CLANG_ANALYZER_NUMBER_OBJECT_CONVERSION = YES_AGGRESSIVE;
				CLANG_CXX_LANGUAGE_STANDARD = "gnu++14";
				CLANG_CXX_LIBRARY = "libc++";
				CLANG_ENABLE_MODULES = YES;
				CLANG_ENABLE_OBJC_ARC = YES;
				CLANG_ENABLE_OBJC_WEAK = YES;
				CLANG_WARN_BLOCK_CAPTURE_AUTORELEASING = YES;
				CLANG_WARN_BOOL_CONVERSION = YES;
				CLANG_WARN_COMMA = YES;
				CLANG_WARN_CONSTANT_CONVERSION = YES;
				CLANG_WARN_DEPRECATED_OBJC_IMPLEMENTATIONS = YES;
				CLANG_WARN_DIRECT_OBJC_ISA_USAGE = YES_ERROR;
				CLANG_WARN_DOCUMENTATION_COMMENTS = YES;
				CLANG_WARN_EMPTY_BODY = YES;
				CLANG_WARN_ENUM_CONVERSION = YES;
				CLANG_WARN_INFINITE_RECURSION = YES;
				CLANG_WARN_INT_CONVERSION = YES;
				CLANG_WARN_NON_LITERAL_NULL_CONVERSION = YES;
				CLANG_WARN_OBJC_IMPLICIT_RETAIN_SELF = YES;
				CLANG_WARN_OBJC_LITERAL_CONVERSION = YES;
				CLANG_WARN_OBJC_ROOT_CLASS = YES_ERROR;
				CLANG_WARN_RANGE_LOOP_ANALYSIS = YES;
				CLANG_WARN_STRICT_PROTOTYPES = YES;
				CLANG_WARN_SUSPICIOUS_MOVE = YES;
				CLANG_WARN_UNGUARDED_AVAILABILITY = YES_AGGRESSIVE;
				CLANG_WARN_UNREACHABLE_CODE = YES;
				CLANG_WARN__DUPLICATE_METHOD_MATCH = YES;
				CODE_SIGN_IDENTITY = "iPhone Developer";
				COPY_PHASE_STRIP = NO;
				DEBUG_INFORMATION_FORMAT = dwarf;
				ENABLE_STRICT_OBJC_MSGSEND = YES;
				ENABLE_TESTABILITY = YES;
				GCC_C_LANGUAGE_STANDARD = gnu11;
				GCC_DYNAMIC_NO_PIC = NO;
				GCC_NO_COMMON_BLOCKS = YES;
				GCC_OPTIMIZATION_LEVEL = 0;
				GCC_PREPROCESSOR_DEFINITIONS = (
					"DEBUG=1",
					"$(inherited)",
				);
				GCC_WARN_64_TO_32_BIT_CONVERSION = YES;
				GCC_WARN_ABOUT_RETURN_TYPE = YES_ERROR;
				GCC_WARN_UNDECLARED_SELECTOR = YES;
				GCC_WARN_UNINITIALIZED_AUTOS = YES_AGGRESSIVE;
				GCC_WARN_UNUSED_FUNCTION = YES;
				GCC_WARN_UNUSED_VARIABLE = YES;
				IPHONEOS_DEPLOYMENT_TARGET = 12.2;
				MTL_ENABLE_DEBUG_INFO = INCLUDE_SOURCE;
				MTL_FAST_MATH = YES;
				ONLY_ACTIVE_ARCH = YES;
				SDKROOT = iphoneos;
				SWIFT_ACTIVE_COMPILATION_CONDITIONS = DEBUG;
				SWIFT_OPTIMIZATION_LEVEL = "-Onone";
			};
			name = Debug;
		};
		47F1797C22E6BC7900B3CF00 /* Release */ = {
			isa = XCBuildConfiguration;
			buildSettings = {
				ALWAYS_SEARCH_USER_PATHS = NO;
				CLANG_ANALYZER_NONNULL = YES;
				CLANG_ANALYZER_NUMBER_OBJECT_CONVERSION = YES_AGGRESSIVE;
				CLANG_CXX_LANGUAGE_STANDARD = "gnu++14";
				CLANG_CXX_LIBRARY = "libc++";
				CLANG_ENABLE_MODULES = YES;
				CLANG_ENABLE_OBJC_ARC = YES;
				CLANG_ENABLE_OBJC_WEAK = YES;
				CLANG_WARN_BLOCK_CAPTURE_AUTORELEASING = YES;
				CLANG_WARN_BOOL_CONVERSION = YES;
				CLANG_WARN_COMMA = YES;
				CLANG_WARN_CONSTANT_CONVERSION = YES;
				CLANG_WARN_DEPRECATED_OBJC_IMPLEMENTATIONS = YES;
				CLANG_WARN_DIRECT_OBJC_ISA_USAGE = YES_ERROR;
				CLANG_WARN_DOCUMENTATION_COMMENTS = YES;
				CLANG_WARN_EMPTY_BODY = YES;
				CLANG_WARN_ENUM_CONVERSION = YES;
				CLANG_WARN_INFINITE_RECURSION = YES;
				CLANG_WARN_INT_CONVERSION = YES;
				CLANG_WARN_NON_LITERAL_NULL_CONVERSION = YES;
				CLANG_WARN_OBJC_IMPLICIT_RETAIN_SELF = YES;
				CLANG_WARN_OBJC_LITERAL_CONVERSION = YES;
				CLANG_WARN_OBJC_ROOT_CLASS = YES_ERROR;
				CLANG_WARN_RANGE_LOOP_ANALYSIS = YES;
				CLANG_WARN_STRICT_PROTOTYPES = YES;
				CLANG_WARN_SUSPICIOUS_MOVE = YES;
				CLANG_WARN_UNGUARDED_AVAILABILITY = YES_AGGRESSIVE;
				CLANG_WARN_UNREACHABLE_CODE = YES;
				CLANG_WARN__DUPLICATE_METHOD_MATCH = YES;
				CODE_SIGN_IDENTITY = "iPhone Developer";
				COPY_PHASE_STRIP = NO;
				DEBUG_INFORMATION_FORMAT = "dwarf-with-dsym";
				ENABLE_NS_ASSERTIONS = NO;
				ENABLE_STRICT_OBJC_MSGSEND = YES;
				GCC_C_LANGUAGE_STANDARD = gnu11;
				GCC_NO_COMMON_BLOCKS = YES;
				GCC_WARN_64_TO_32_BIT_CONVERSION = YES;
				GCC_WARN_ABOUT_RETURN_TYPE = YES_ERROR;
				GCC_WARN_UNDECLARED_SELECTOR = YES;
				GCC_WARN_UNINITIALIZED_AUTOS = YES_AGGRESSIVE;
				GCC_WARN_UNUSED_FUNCTION = YES;
				GCC_WARN_UNUSED_VARIABLE = YES;
				IPHONEOS_DEPLOYMENT_TARGET = 12.2;
				MTL_ENABLE_DEBUG_INFO = NO;
				MTL_FAST_MATH = YES;
				SDKROOT = iphoneos;
				SWIFT_COMPILATION_MODE = wholemodule;
				SWIFT_OPTIMIZATION_LEVEL = "-O";
				VALIDATE_PRODUCT = YES;
			};
			name = Release;
		};
		47F1797E22E6BC7900B3CF00 /* Debug */ = {
			isa = XCBuildConfiguration;
			buildSettings = {
				ALWAYS_EMBED_SWIFT_STANDARD_LIBRARIES = YES;
				ASSETCATALOG_COMPILER_APPICON_NAME = AppIcon;
				CODE_SIGN_STYLE = Manual;
				DEVELOPMENT_TEAM = "";
				INFOPLIST_FILE = ManagedSideEffects/Info.plist;
				LD_RUNPATH_SEARCH_PATHS = (
					"$(inherited)",
					"@executable_path/Frameworks",
				);
				PRODUCT_BUNDLE_IDENTIFIER = com.vm.test.ManagedSideEffects;
				PRODUCT_NAME = "$(TARGET_NAME)";
				PROVISIONING_PROFILE_SPECIFIER = "";
				SWIFT_VERSION = 5.0;
				TARGETED_DEVICE_FAMILY = "1,2";
			};
			name = Debug;
		};
		47F1797F22E6BC7900B3CF00 /* Release */ = {
			isa = XCBuildConfiguration;
			buildSettings = {
				ALWAYS_EMBED_SWIFT_STANDARD_LIBRARIES = YES;
				ASSETCATALOG_COMPILER_APPICON_NAME = AppIcon;
				CODE_SIGN_STYLE = Manual;
				DEVELOPMENT_TEAM = "";
				INFOPLIST_FILE = ManagedSideEffects/Info.plist;
				LD_RUNPATH_SEARCH_PATHS = (
					"$(inherited)",
					"@executable_path/Frameworks",
				);
				PRODUCT_BUNDLE_IDENTIFIER = com.vm.test.ManagedSideEffects;
				PRODUCT_NAME = "$(TARGET_NAME)";
				PROVISIONING_PROFILE_SPECIFIER = "";
				SWIFT_VERSION = 5.0;
				TARGETED_DEVICE_FAMILY = "1,2";
			};
			name = Release;
		};
		6E0C92C022E70808008C4EAF /* Debug */ = {
			isa = XCBuildConfiguration;
			baseConfigurationReference = 0961ACEF234001860E52DC2F /* Pods-Shared.debug.xcconfig */;
			buildSettings = {
				CLANG_ENABLE_MODULES = YES;
				CODE_SIGN_IDENTITY = "";
				CODE_SIGN_STYLE = Automatic;
				CURRENT_PROJECT_VERSION = 1;
				DEFINES_MODULE = YES;
				DEVELOPMENT_TEAM = "";
				DYLIB_COMPATIBILITY_VERSION = 1;
				DYLIB_CURRENT_VERSION = 1;
				DYLIB_INSTALL_NAME_BASE = "@rpath";
				INFOPLIST_FILE = Shared/Info.plist;
				INSTALL_PATH = "$(LOCAL_LIBRARY_DIR)/Frameworks";
				IPHONEOS_DEPLOYMENT_TARGET = 12.4;
				LD_RUNPATH_SEARCH_PATHS = (
					"$(inherited)",
					"@executable_path/Frameworks",
					"@loader_path/Frameworks",
				);
				PRODUCT_BUNDLE_IDENTIFIER = com.betterme.Shared;
				PRODUCT_NAME = "$(TARGET_NAME:c99extidentifier)";
				SKIP_INSTALL = YES;
				SWIFT_OPTIMIZATION_LEVEL = "-Onone";
				SWIFT_VERSION = 5.0;
				TARGETED_DEVICE_FAMILY = "1,2";
				VERSIONING_SYSTEM = "apple-generic";
				VERSION_INFO_PREFIX = "";
			};
			name = Debug;
		};
		6E0C92C122E70808008C4EAF /* Release */ = {
			isa = XCBuildConfiguration;
			baseConfigurationReference = 296058730AEB4E3139103ECC /* Pods-Shared.release.xcconfig */;
			buildSettings = {
				CLANG_ENABLE_MODULES = YES;
				CODE_SIGN_IDENTITY = "";
				CODE_SIGN_STYLE = Automatic;
				CURRENT_PROJECT_VERSION = 1;
				DEFINES_MODULE = YES;
				DEVELOPMENT_TEAM = "";
				DYLIB_COMPATIBILITY_VERSION = 1;
				DYLIB_CURRENT_VERSION = 1;
				DYLIB_INSTALL_NAME_BASE = "@rpath";
				INFOPLIST_FILE = Shared/Info.plist;
				INSTALL_PATH = "$(LOCAL_LIBRARY_DIR)/Frameworks";
				IPHONEOS_DEPLOYMENT_TARGET = 12.4;
				LD_RUNPATH_SEARCH_PATHS = (
					"$(inherited)",
					"@executable_path/Frameworks",
					"@loader_path/Frameworks",
				);
				PRODUCT_BUNDLE_IDENTIFIER = com.betterme.Shared;
				PRODUCT_NAME = "$(TARGET_NAME:c99extidentifier)";
				SKIP_INSTALL = YES;
				SWIFT_VERSION = 5.0;
				TARGETED_DEVICE_FAMILY = "1,2";
				VERSIONING_SYSTEM = "apple-generic";
				VERSION_INFO_PREFIX = "";
			};
			name = Release;
		};
/* End XCBuildConfiguration section */

/* Begin XCConfigurationList section */
		47F1796622E6BC7700B3CF00 /* Build configuration list for PBXProject "ManagedSideEffects" */ = {
			isa = XCConfigurationList;
			buildConfigurations = (
				47F1797B22E6BC7900B3CF00 /* Debug */,
				47F1797C22E6BC7900B3CF00 /* Release */,
			);
			defaultConfigurationIsVisible = 0;
			defaultConfigurationName = Release;
		};
		47F1797D22E6BC7900B3CF00 /* Build configuration list for PBXNativeTarget "ManagedSideEffects" */ = {
			isa = XCConfigurationList;
			buildConfigurations = (
				47F1797E22E6BC7900B3CF00 /* Debug */,
				47F1797F22E6BC7900B3CF00 /* Release */,
			);
			defaultConfigurationIsVisible = 0;
			defaultConfigurationName = Release;
		};
		6E0C92C222E70808008C4EAF /* Build configuration list for PBXNativeTarget "Shared" */ = {
			isa = XCConfigurationList;
			buildConfigurations = (
				6E0C92C022E70808008C4EAF /* Debug */,
				6E0C92C122E70808008C4EAF /* Release */,
			);
			defaultConfigurationIsVisible = 0;
			defaultConfigurationName = Release;
		};
/* End XCConfigurationList section */
	};
	rootObject = 47F1796322E6BC7700B3CF00 /* Project object */;
}
